
Microsoft Visual Studio Solution File, Format Version 12.00
# Visual Studio Version 16
VisualStudioVersion = 16.0.30907.101
MinimumVisualStudioVersion = 10.0.40219.1
Project("{9A19103F-16F7-4668-BE54-9A1E7A4F7556}") = "MISA.EShop.Api", "MISA.CukCuk.Api\MISA.EShop.Api.csproj", "{C251E0B7-46CC-4373-AC47-30EAC01232BE}"
EndProject
Project("{9A19103F-16F7-4668-BE54-9A1E7A4F7556}") = "MISA.Core", "MISA.Core\MISA.Core.csproj", "{6B22CE14-0596-4F05-9264-7B10244C867C}"
EndProject
Project("{9A19103F-16F7-4668-BE54-9A1E7A4F7556}") = "MISA.Instructure", "MISA.Instructure\MISA.Instructure.csproj", "{9D3C92A6-959D-4ACC-84E8-9742D96EA3EA}"
EndProject
Global
	GlobalSection(SolutionConfigurationPlatforms) = preSolution
		Debug|Any CPU = Debug|Any CPU
		Release|Any CPU = Release|Any CPU
	EndGlobalSection
	GlobalSection(ProjectConfigurationPlatforms) = postSolution
		{C251E0B7-46CC-4373-AC47-30EAC01232BE}.Debug|Any CPU.ActiveCfg = Debug|Any CPU
		{C251E0B7-46CC-4373-AC47-30EAC01232BE}.Debug|Any CPU.Build.0 = Debug|Any CPU
		{C251E0B7-46CC-4373-AC47-30EAC01232BE}.Release|Any CPU.ActiveCfg = Release|Any CPU
		{C251E0B7-46CC-4373-AC47-30EAC01232BE}.Release|Any CPU.Build.0 = Release|Any CPU
		{6B22CE14-0596-4F05-9264-7B10244C867C}.Debug|Any CPU.ActiveCfg = Debug|Any CPU
		{6B22CE14-0596-4F05-9264-7B10244C867C}.Debug|Any CPU.Build.0 = Debug|Any CPU
		{6B22CE14-0596-4F05-9264-7B10244C867C}.Release|Any CPU.ActiveCfg = Release|Any CPU
		{6B22CE14-0596-4F05-9264-7B10244C867C}.Release|Any CPU.Build.0 = Release|Any CPU
		{9D3C92A6-959D-4ACC-84E8-9742D96EA3EA}.Debug|Any CPU.ActiveCfg = Debug|Any CPU
		{9D3C92A6-959D-4ACC-84E8-9742D96EA3EA}.Debug|Any CPU.Build.0 = Debug|Any CPU
		{9D3C92A6-959D-4ACC-84E8-9742D96EA3EA}.Release|Any CPU.ActiveCfg = Release|Any CPU
		{9D3C92A6-959D-4ACC-84E8-9742D96EA3EA}.Release|Any CPU.Build.0 = Release|Any CPU
	EndGlobalSection
	GlobalSection(SolutionProperties) = preSolution
		HideSolutionNode = FALSE
	EndGlobalSection
	GlobalSection(ExtensibilityGlobals) = postSolution
		SolutionGuid = {459EF2C4-3A8D-4318-9E04-386E753515C0}
	EndGlobalSection
EndGlobal
